
Microsoft Visual Studio Solution File, Format Version 12.00
# Visual Studio Version 16
VisualStudioVersion = 16.0.31624.102
MinimumVisualStudioVersion = 10.0.40219.1
Project("{FAE04EC0-301F-11D3-BF4B-00C04F79EFBC}") = "Wpf1", "Wpf1\Wpf1.csproj", "{0CA9BB47-B0CA-4214-A0A9-4A46B22776CD}"
EndProject
Global
	GlobalSection(SolutionConfigurationPlatforms) = preSolution
		Debug|Any CPU = Debug|Any CPU
		Release|Any CPU = Release|Any CPU
	EndGlobalSection
	GlobalSection(ProjectConfigurationPlatforms) = postSolution
		{0CA9BB47-B0CA-4214-A0A9-4A46B22776CD}.Debug|Any CPU.ActiveCfg = Debug|Any CPU
		{0CA9BB47-B0CA-4214-A0A9-4A46B22776CD}.Debug|Any CPU.Build.0 = Debug|Any CPU
		{0CA9BB47-B0CA-4214-A0A9-4A46B22776CD}.Release|Any CPU.ActiveCfg = Release|Any CPU
		{0CA9BB47-B0CA-4214-A0A9-4A46B22776CD}.Release|Any CPU.Build.0 = Release|Any CPU
	EndGlobalSection
	GlobalSection(SolutionProperties) = preSolution
		HideSolutionNode = FALSE
	EndGlobalSection
	GlobalSection(ExtensibilityGlobals) = postSolution
		SolutionGuid = {29C0C704-CF5C-4C1D-8C0A-62E2BE3D83F0}
	EndGlobalSection
EndGlobal
